<Solution>
  <Folder Name="/src/">
    <Project Path="src/StubId.Abstractions/StubId.Abstractions.csproj" />
  </Folder>
  <Folder Name="/tests/">
    <Project Path="tests/StubId.Abstractions.Tests/StubId.Abstractions.Tests.csproj" />
    <Project Path="tests/StubId.Fixtures.Tests/StubId.Fixtures.Tests.csproj" />
  </Folder>
  <Folder Name="/tools/">
    <Project Path="tools/StubId.CaptureHarness/StubId.CaptureHarness.csproj" />
  </Folder>
</Solution>
